
Microsoft Visual Studio Solution File, Format Version 12.00
# Visual Studio Version 17
VisualStudioVersion = 17.11.35312.102
MinimumVisualStudioVersion = 10.0.40219.1
Project("{FAE04EC0-301F-11D3-BF4B-00C04F79EFBC}") = "BDX_TO_MIDI", "BDX_TO_MIDI\BDX_TO_MIDI.csproj", "{B1ADE13C-AC32-4EA4-B21B-1D59F0E942B6}"
EndProject
Global
	GlobalSection(SolutionConfigurationPlatforms) = preSolution
		Debug|Any CPU = Debug|Any CPU
		Release|Any CPU = Release|Any CPU
	EndGlobalSection
	GlobalSection(ProjectConfigurationPlatforms) = postSolution
		{B1ADE13C-AC32-4EA4-B21B-1D59F0E942B6}.Debug|Any CPU.ActiveCfg = Debug|Any CPU
		{B1ADE13C-AC32-4EA4-B21B-1D59F0E942B6}.Debug|Any CPU.Build.0 = Debug|Any CPU
		{B1ADE13C-AC32-4EA4-B21B-1D59F0E942B6}.Release|Any CPU.ActiveCfg = Release|Any CPU
		{B1ADE13C-AC32-4EA4-B21B-1D59F0E942B6}.Release|Any CPU.Build.0 = Release|Any CPU
	EndGlobalSection
	GlobalSection(SolutionProperties) = preSolution
		HideSolutionNode = FALSE
	EndGlobalSection
	GlobalSection(ExtensibilityGlobals) = postSolution
		SolutionGuid = {90030A7A-1FF3-4B71-8618-664D3BEEC264}
	EndGlobalSection
EndGlobal
